github.com/iamTruthy/Coffee v0.0.0-20231003105602-6d74398ffbd8 h1:cfOA1+EUKBlCjjM9sEgecJlW/3mRDAkKwPHlB0gl7Ck=
github.com/iamTruthy/Coffee v0.0.0-20231003105602-6d74398ffbd8/go.mod h1:RIu/0Iyc/QLV6DqlaSw9F95ERcCf/7RWwzy1dM2dhr0=
github.com/iamTruthy/Waffle v0.0.0-20230927220412-6b2d8425cd9a h1:eleVI3pZBjujW8JdOb8IUaYinXLsMRRt7bBOl8jDoAg=
github.com/iamTruthy/Waffle v0.0.0-20230927220412-6b2d8425cd9a/go.mod h1:RoDMVRj2pbWjlxDNKvdh4SBb+q+Oq+xeqgEC1+zWAKE=
